{
  "name": "2024.3",
  "lockfileVersion": 3,
  "requires": true,
  "packages": {
    "": {
      "dependencies": {
        "@studio-freight/lenis": "^1.0.39",
        "gsap": "^3.12.5",
        "jquery": "^4.0.0-beta",
        "lenis": "^0.0.2",
        "swiper": "^11.0.7"
      },
      "devDependencies": {
        "@types/jquery": "^3.5.29"
      }
    },
    "node_modules/@studio-freight/lenis": {
      "version": "1.0.39",
      "resolved": "https://registry.npmjs.org/@studio-freight/lenis/-/lenis-1.0.39.tgz",
      "integrity": "sha512-63LPZD087kFSiNS3lF6Uve8fFeshQwNCXrl7DUocoeUYiElVTzr9a+dLodNBa0Yn5NZ4umAoQQ6LOosB5I6AAQ=="
    },
    "node_modules/@types/jquery": {
      "version": "3.5.29",
      "resolved": "https://registry.npmjs.org/@types/jquery/-/jquery-3.5.29.tgz",
      "integrity": "sha512-oXQQC9X9MOPRrMhPHHOsXqeQDnWeCDT3PelUIg/Oy8FAbzSZtFHRjc7IpbfFVmpLtJ+UOoywpRsuO5Jxjybyeg==",
      "dev": true,
      "dependencies": {
        "@types/sizzle": "*"
      }
    },
    "node_modules/@types/sizzle": {
      "version": "2.3.8",
      "resolved": "https://registry.npmjs.org/@types/sizzle/-/sizzle-2.3.8.tgz",
      "integrity": "sha512-0vWLNK2D5MT9dg0iOo8GlKguPAU02QjmZitPEsXRuJXU/OGIOt9vT9Fc26wtYuavLxtO45v9PGleoL9Z0k1LHg==",
      "dev": true
    },
    "node_modules/gsap": {
      "version": "3.12.5",
      "resolved": "https://registry.npmjs.org/gsap/-/gsap-3.12.5.tgz",
      "integrity": "sha512-srBfnk4n+Oe/ZnMIOXt3gT605BX9x5+rh/prT2F1SsNJsU1XuMiP0E2aptW481OnonOGACZWBqseH5Z7csHxhQ=="
    },
    "node_modules/jquery": {
      "version": "4.0.0-beta",
      "resolved": "https://registry.npmjs.org/jquery/-/jquery-4.0.0-beta.tgz",
      "integrity": "sha512-F/LxAJ1KuoIfS5j6T5R57YceLJfXjwBl5hJ9za2itWyCy24YqU5R/DzRf76RrpeHfpJgQyqwnPbUQbjSfoEBcQ=="
    },
    "node_modules/lenis": {
      "version": "0.0.2",
      "resolved": "https://registry.npmjs.org/lenis/-/lenis-0.0.2.tgz",
      "integrity": "sha512-lQBkSrQt0VATcXvG5L5yU9Bn3un4fijTfb7g+d3GkkuAzB4b3LtKVUeN0heOgPkl/SzQ/FQDXj+w8eXjfdxSiQ=="
    },
    "node_modules/swiper": {
      "version": "11.0.7",
      "resolved": "https://registry.npmjs.org/swiper/-/swiper-11.0.7.tgz",
      "integrity": "sha512-cDfglW1B6uSmB6eB6pNmzDTNLmZtu5bWWa1vak0RU7fOI9qHjMzl7gVBvYSl34b0RU2N11HxxETJqQ5LeqI1cA==",
      "funding": [
        {
          "type": "patreon",
          "url": "https://www.patreon.com/swiperjs"
        },
        {
          "type": "open_collective",
          "url": "http://opencollective.com/swiper"
        }
      ],
      "engines": {
        "node": ">= 4.7.0"
      }
    }
  }
}
